
Microsoft Visual Studio Solution File, Format Version 12.00
# Visual Studio Version 16
VisualStudioVersion = 16.0.30611.23
MinimumVisualStudioVersion = 10.0.40219.1
Project("{FAE04EC0-301F-11D3-BF4B-00C04F79EFBC}") = "PG3302.CardGame", "PG3302.CardGame.csproj", "{50F82F1D-0C44-4F1F-8F27-D8D351DC02C0}"
EndProject
Global
	GlobalSection(SolutionConfigurationPlatforms) = preSolution
		Debug|Any CPU = Debug|Any CPU
		Release|Any CPU = Release|Any CPU
	EndGlobalSection
	GlobalSection(ProjectConfigurationPlatforms) = postSolution
		{50F82F1D-0C44-4F1F-8F27-D8D351DC02C0}.Debug|Any CPU.ActiveCfg = Debug|Any CPU
		{50F82F1D-0C44-4F1F-8F27-D8D351DC02C0}.Debug|Any CPU.Build.0 = Debug|Any CPU
		{50F82F1D-0C44-4F1F-8F27-D8D351DC02C0}.Release|Any CPU.ActiveCfg = Release|Any CPU
		{50F82F1D-0C44-4F1F-8F27-D8D351DC02C0}.Release|Any CPU.Build.0 = Release|Any CPU
	EndGlobalSection
	GlobalSection(SolutionProperties) = preSolution
		HideSolutionNode = FALSE
	EndGlobalSection
	GlobalSection(ExtensibilityGlobals) = postSolution
		SolutionGuid = {35372C2E-45D7-45FD-8730-C4F394F3AA0A}
	EndGlobalSection
EndGlobal
